{
  "version": 4,
  "terraform_version": "1.14.4",
  "serial": 13,
  "lineage": "0883adcf-c6ef-f005-a55f-dd11bc7a936b",
  "outputs": {
    "project_id": {
      "value": "d7315881-3ea4-4b8f-86cb-ed162e33581b",
      "type": "string"
    }
  },
  "resources": [
    {
      "mode": "data",
      "type": "zedcloud_application",
      "name": "alpine_vm_app",
      "provider": "provider[\"registry.terraform.io/zededa/zedcloud\"]",
      "instances": [
        {
          "schema_version": 0,
          "attributes": {
            "app_inst_count": 0,
            "cpus": 2,
            "datastore_id_list": [],
            "description": "",
            "drives": 1,
            "id": "f202a339-2529-4587-a920-f4dd63a2a057",
            "is_imported": false,
            "manifest": [
              {
                "ac_kind": "VMManifest",
                "ac_version": "1.2.0",
                "app_type": "APP_TYPE_VM",
                "configuration": [
                  {
                    "custom_config": [
                      {
                        "add": true,
                        "allow_storage_resize": false,
                        "field_delimiter": "",
                        "name": "cloud-config",
                        "override": true,
                        "template": "",
                        "variable_groups": []
                      }
                    ]
                  }
                ],
                "container_detail": [],
                "cpu_pinning_enabled": false,
                "deployment_type": "DEPLOYMENT_TYPE_STAND_ALONE",
                "desc": [
                  {
                    "agreement_list": {},
                    "app_category": "APP_CATEGORY_OTHERS",
                    "category": "APP_CATEGORY_OTHERS",
                    "license_list": {},
                    "logo": {},
                    "os": "",
                    "screenshot_list": {},
                    "support": ""
                  }
                ],
                "description": "",
                "display_name": "",
                "docker_compose_tar_image_name": "",
                "docker_compose_yaml_text": "",
                "enable_oem_win_license_key": false,
                "enablevnc": true,
                "images": [
                  {
                    "cleartext": false,
                    "drvtype": "HDD",
                    "ignorepurge": true,
                    "imageformat": "CONTAINER",
                    "imageid": "f2771c66-47f9-4794-a1b7-95e793ab4084",
                    "imagename": "alpine",
                    "maxsize": "102400000",
                    "mountpath": "",
                    "params": [],
                    "preserve": false,
                    "readonly": false,
                    "target": "Disk",
                    "volumelabel": ""
                  }
                ],
                "interfaces": [],
                "module": [],
                "name": "alpine_24",
                "owner": [],
                "permissions": [],
                "persistent_runtime_size_bytes": "0",
                "resources": [
                  {
                    "name": "cpus",
                    "value": "2"
                  },
                  {
                    "name": "memory",
                    "value": "8000000"
                  },
                  {
                    "name": "storage",
                    "value": "102400000"
                  }
                ],
                "runtime_protocol_version": "RuntimeProtocolVersion_Unknown",
                "runtime_version": "RuntimeVersion_Unknown",
                "vmmode": "HV_HVM"
              }
            ],
            "manifest_file": null,
            "memory": 8000000,
            "name": "alpine_vm_app",
            "networks": 0,
            "origin_type": "ORIGIN_LOCAL",
            "parent_detail": [
              {
                "id_of_parent_object": "",
                "reference_exists": false,
                "update_available": false,
                "version_of_parent_object": 0
              }
            ],
            "project_access_list": [
              "eedf1a46-e2fd-4f47-96e8-a9ff9d40c29e"
            ],
            "revision": [
              {
                "created_at": "2026-01-29T21:14:16.601Z",
                "created_by": "danielr@support.com",
                "curr": "1",
                "prev": "",
                "updated_at": "2026-01-29T21:14:16.601Z",
                "updated_by": "danielr@support.com"
              }
            ],
            "storage": 102400000,
            "title": "alpine_vm_app",
            "user_defined_version": "24.0.4"
          },
          "sensitive_attributes": [],
          "identity_schema_version": 0
        }
      ]
    },
    {
      "mode": "data",
      "type": "zedcloud_project",
      "name": "test_tf_provider",
      "provider": "provider[\"registry.terraform.io/zededa/zedcloud\"]",
      "instances": [
        {
          "schema_version": 0,
          "attributes": {
            "app_policy": [],
            "attestation_policy": [
              {
                "app_policy": [],
                "attestation_policy": [
                  {
                    "id": "",
                    "type": "ATTEST_POLICY_TYPE_ACCEPT"
                  }
                ],
                "attr": {},
                "azure_policy": [],
                "cluster_policy": [],
                "configuration_lock_policy": [],
                "description": "",
                "edgeview_policy": [],
                "id": "2f2bea3d-3fc1-4357-bcd1-c7efd13d4e4c",
                "local_operator_console_policy": [],
                "module_policy": [],
                "name": "test_tf_provider_dsFJRRHiHDjBbaa",
                "network_policy": [],
                "revision": [
                  {
                    "created_at": "2026-01-29T21:14:15.809Z",
                    "created_by": "danielr@support.com",
                    "curr": "1",
                    "prev": "",
                    "updated_at": "2026-01-29T21:14:15.809Z",
                    "updated_by": "danielr@support.com"
                  }
                ],
                "status": "POLICY_STATUS_READY",
                "status_message": "Policy configured successfully",
                "title": "",
                "type": "POLICY_TYPE_ATTESTATION"
              }
            ],
            "attr": {},
            "cloud_policy": [],
            "configuration_lock_policy": [],
            "description": "",
            "edgeview_policy": [],
            "id": "eedf1a46-e2fd-4f47-96e8-a9ff9d40c29e",
            "local_operator_console_policy": [],
            "module_policy": [],
            "name": "test_tf_provider",
            "network_policy": [],
            "numdevices": 0,
            "revision": [
              {
                "created_at": "2026-01-29T21:14:15.811Z",
                "created_by": "danielr@support.com",
                "curr": "1",
                "prev": "",
                "updated_at": "2026-01-29T21:14:15.811Z",
                "updated_by": "danielr@support.com"
              }
            ],
            "tag_level_settings": [
              {
                "flow_log_transmission": "NETWORK_INSTANCE_FLOW_LOG_TRANSMISSION_DISABLED",
                "interface_ordering": "INTERFACE_ORDERING_DISABLED"
              }
            ],
            "tags": {},
            "title": "title",
            "type": "TAG_TYPE_PROJECT"
          },
          "sensitive_attributes": [],
          "identity_schema_version": 0
        }
      ]
    },
    {
      "mode": "managed",
      "type": "zedcloud_application",
      "name": "alpine_vm_app",
      "provider": "provider[\"registry.terraform.io/zededa/zedcloud\"]",
      "instances": [
        {
          "schema_version": 0,
          "attributes": {
            "app_inst_count": 0,
            "cpus": 2,
            "datastore_id_list": null,
            "description": "",
            "drives": 1,
            "id": "f202a339-2529-4587-a920-f4dd63a2a057",
            "is_imported": false,
            "manifest": [
              {
                "ac_kind": "VMManifest",
                "ac_version": "1.2.0",
                "app_type": "APP_TYPE_VM",
                "configuration": [
                  {
                    "custom_config": [
                      {
                        "add": true,
                        "allow_storage_resize": false,
                        "field_delimiter": "",
                        "name": "cloud-config",
                        "override": true,
                        "template": "",
                        "variable_groups": []
                      }
                    ]
                  }
                ],
                "container_detail": [],
                "cpu_pinning_enabled": false,
                "deployment_type": "DEPLOYMENT_TYPE_STAND_ALONE",
                "desc": [
                  {
                    "agreement_list": {},
                    "app_category": "APP_CATEGORY_OTHERS",
                    "category": "APP_CATEGORY_OTHERS",
                    "license_list": {},
                    "logo": {},
                    "os": "",
                    "screenshot_list": {},
                    "support": ""
                  }
                ],
                "description": "",
                "display_name": "",
                "docker_compose_tar_image_name": "",
                "docker_compose_yaml_text": "",
                "enable_oem_win_license_key": false,
                "enablevnc": true,
                "images": [
                  {
                    "cleartext": false,
                    "drvtype": "HDD",
                    "ignorepurge": true,
                    "imageformat": "CONTAINER",
                    "imageid": "f2771c66-47f9-4794-a1b7-95e793ab4084",
                    "imagename": "alpine",
                    "maxsize": "102400000",
                    "mountpath": "",
                    "params": [],
                    "preserve": false,
                    "readonly": false,
                    "target": "Disk",
                    "volumelabel": ""
                  }
                ],
                "interfaces": [],
                "module": [],
                "name": "alpine_24",
                "owner": [],
                "permissions": [],
                "persistent_runtime_size_bytes": "0",
                "resources": [
                  {
                    "name": "cpus",
                    "value": "2"
                  },
                  {
                    "name": "memory",
                    "value": "8000000"
                  },
                  {
                    "name": "storage",
                    "value": "102400000"
                  }
                ],
                "runtime_protocol_version": "RuntimeProtocolVersion_Unknown",
                "runtime_version": "RuntimeVersion_Unknown",
                "vmmode": "HV_HVM"
              }
            ],
            "manifest_file": null,
            "memory": 8000000,
            "name": "alpine_vm_app",
            "networks": 0,
            "origin_type": "ORIGIN_LOCAL",
            "parent_detail": [
              {
                "id_of_parent_object": "",
                "reference_exists": false,
                "update_available": false,
                "version_of_parent_object": 0
              }
            ],
            "project_access_list": [
              "eedf1a46-e2fd-4f47-96e8-a9ff9d40c29e"
            ],
            "revision": [
              {
                "created_at": "2026-01-29T21:14:16.601Z",
                "created_by": "danielr@support.com",
                "curr": "1",
                "prev": "",
                "updated_at": "2026-01-29T21:14:16.601Z",
                "updated_by": "danielr@support.com"
              }
            ],
            "storage": 102400000,
            "title": "alpine_vm_app",
            "user_defined_version": "24.0.4"
          },
          "sensitive_attributes": [],
          "identity_schema_version": 0,
          "private": "bnVsbA==",
          "dependencies": [
            "zedcloud_datastore.test_datastore",
            "zedcloud_image.alpine_image",
            "zedcloud_project.test_tf_provider"
          ]
        }
      ]
    },
    {
      "mode": "managed",
      "type": "zedcloud_brand",
      "name": "test_tf_provider",
      "provider": "provider[\"registry.terraform.io/zededa/zedcloud\"]",
      "instances": [
        {
          "schema_version": 0,
          "attributes": {
            "attr": null,
            "description": "",
            "id": "72c73966-c360-4085-a2b1-993ab50ff5a4",
            "logo": null,
            "name": "qemu",
            "origin_type": "ORIGIN_LOCAL",
            "revision": [
              {
                "created_at": "2026-01-29T21:14:15.828Z",
                "created_by": "danielr@support.com",
                "curr": "1",
                "prev": "",
                "updated_at": "2026-01-29T21:14:15.828Z",
                "updated_by": "danielr@support.com"
              }
            ],
            "state": "SYS_MODEL_STATE_ACTIVE",
            "svg": "",
            "system_mfg_name": "qemu",
            "title": "QEMU"
          },
          "sensitive_attributes": [],
          "identity_schema_version": 0,
          "private": "bnVsbA=="
        }
      ]
    },
    {
      "mode": "managed",
      "type": "zedcloud_datastore",
      "name": "alpha_ds",
      "provider": "provider[\"registry.terraform.io/zededa/zedcloud\"]",
      "instances": [
        {
          "schema_version": 0,
          "attributes": {
            "api_key": "",
            "certificate_chain": [],
            "crypto_key": "",
            "description": "alpha_ds",
            "ds_fqdn": "http://147.75.33.217",
            "ds_path": "images",
            "ds_status": "DATASTORE_STATUS_ACTIVE",
            "ds_type": "DATASTORE_TYPE_HTTP",
            "encrypted_secrets": {},
            "id": "2fad7ed3-676a-4c0f-b10b-ce9df448bd5b",
            "name": "alpha_ds",
            "need_clear_text": false,
            "origin_type": "ORIGIN_LOCAL",
            "project_access_list": [
              "eedf1a46-e2fd-4f47-96e8-a9ff9d40c29e"
            ],
            "region": "eu",
            "revision": [
              {
                "created_at": "2026-01-29T21:14:16.043Z",
                "created_by": "danielr@support.com",
                "curr": "1",
                "prev": "",
                "updated_at": "2026-01-29T21:14:16.043Z",
                "updated_by": "danielr@support.com"
              }
            ],
            "secret": [],
            "title": "alpha_ds"
          },
          "sensitive_attributes": [
            [
              {
                "type": "get_attr",
                "value": "api_key"
              }
            ],
            [
              {
                "type": "get_attr",
                "value": "encrypted_secrets"
              }
            ]
          ],
          "identity_schema_version": 0,
          "private": "bnVsbA==",
          "dependencies": [
            "zedcloud_project.test_tf_provider"
          ]
        }
      ]
    },
    {
      "mode": "managed",
      "type": "zedcloud_datastore",
      "name": "test_datastore",
      "provider": "provider[\"registry.terraform.io/zededa/zedcloud\"]",
      "instances": [
        {
          "schema_version": 0,
          "attributes": {
            "api_key": "",
            "certificate_chain": [],
            "crypto_key": "",
            "description": "dockerhub",
            "ds_fqdn": "docker://docker.io",
            "ds_path": "",
            "ds_status": "DATASTORE_STATUS_ACTIVE",
            "ds_type": "DATASTORE_TYPE_CONTAINERREGISTRY",
            "encrypted_secrets": {},
            "id": "1bf8b9a9-10b9-4ee4-b121-d83c0b73557c",
            "name": "dockerhub",
            "need_clear_text": false,
            "origin_type": "ORIGIN_LOCAL",
            "project_access_list": [
              "eedf1a46-e2fd-4f47-96e8-a9ff9d40c29e"
            ],
            "region": "eu",
            "revision": [
              {
                "created_at": "2026-01-29T21:14:16.033Z",
                "created_by": "danielr@support.com",
                "curr": "1",
                "prev": "",
                "updated_at": "2026-01-29T21:14:16.033Z",
                "updated_by": "danielr@support.com"
              }
            ],
            "secret": [],
            "title": "dockerhub"
          },
          "sensitive_attributes": [
            [
              {
                "type": "get_attr",
                "value": "api_key"
              }
            ],
            [
              {
                "type": "get_attr",
                "value": "encrypted_secrets"
              }
            ]
          ],
          "identity_schema_version": 0,
          "private": "bnVsbA==",
          "dependencies": [
            "zedcloud_project.test_tf_provider"
          ]
        }
      ]
    },
    {
      "mode": "managed",
      "type": "zedcloud_edgenode",
      "name": "test_tf_provider",
      "provider": "provider[\"registry.terraform.io/zededa/zedcloud\"]",
      "instances": [
        {
          "schema_version": 0,
          "attributes": {
            "admin_state": "ADMIN_STATE_ACTIVE",
            "asset_id": "asset_id",
            "base_image": [],
            "base_os_retry_counter": 0,
            "base_os_retry_time": "",
            "client_ip": "",
            "cluster_id": "",
            "config_item": [
              {
                "bool_value": true,
                "float_value": 1,
                "key": "key",
                "string_value": "string",
                "uint32_value": 32,
                "uint64_value": "64",
                "value_type": "value type"
              }
            ],
            "cpu": 0,
            "debug_knob": [
              {
                "debug_knob": false,
                "expired": true,
                "expiry": "0",
                "id": "a6bd6371-6f6b-4c51-88f8-df0af50973e4"
              }
            ],
            "default_net_inst": [],
            "deployment_tag": "depl_tag",
            "deprecated": "",
            "description": "description",
            "dev_location": [
              {
                "city": "berlin",
                "country": "germany",
                "freeloc": "freeloc",
                "hostname": "hostname",
                "latlong": "",
                "loc": "52.520008, 13.404954",
                "org": "zededa",
                "postal": "10115",
                "region": "europe/west",
                "underlay_ip": ""
              }
            ],
            "dlisp": [],
            "edgeviewconfig": [],
            "generate_soft_serial": false,
            "id": "a6bd6371-6f6b-4c51-88f8-df0af50973e4",
            "identity": "",
            "interfaces": [
              {
                "cost": 255,
                "intf_usage": "ADAPTER_USAGE_MANAGEMENT",
                "intfname": "defaultIPv4",
                "ipaddr": "127.0.0.1",
                "macaddr": "",
                "netname": "",
                "tags": {
                  "system_interface_1_key": "system_interface_1_value",
                  "system_interface_2_key": "system_interface_2_value"
                }
              }
            ],
            "location": "",
            "memory": 0,
            "model_id": "6829029b-148f-4c73-9c1e-c868b7ac720b",
            "name": "test_tf_provider",
            "onboarding_key": "a6bd6371-6f6b-4c51-88f8-df0af50973e4:2293dbe8-29ce-420c-8264-962857efc46b",
            "prepare_power_off_counter": 0,
            "prepare_power_off_time": "",
            "project_id": "eedf1a46-e2fd-4f47-96e8-a9ff9d40c29e",
            "reset_counter": 1000,
            "reset_time": "",
            "revision": [
              {
                "created_at": "2026-01-29T21:14:16.245Z",
                "created_by": "danielr@support.com",
                "curr": "3",
                "prev": "",
                "updated_at": "2026-01-29T21:14:16.255Z",
                "updated_by": "danielr@support.com"
              }
            ],
            "serialno": "2293dbe8-29ce-420c-8264-962857efc46b",
            "site_pictures": null,
            "storage": 0,
            "tags": {
              "tag-key-1": "tag-value-1"
            },
            "thread": 0,
            "title": "test_tf_provider-create_edgenode-title",
            "token": "token",
            "utype": "AMD64"
          },
          "sensitive_attributes": [
            [
              {
                "type": "get_attr",
                "value": "debug_knob"
              }
            ]
          ],
          "identity_schema_version": 0,
          "private": "bnVsbA==",
          "dependencies": [
            "zedcloud_brand.test_tf_provider",
            "zedcloud_model.test_tf_provider",
            "zedcloud_project.test_tf_provider"
          ]
        }
      ]
    },
    {
      "mode": "managed",
      "type": "zedcloud_image",
      "name": "alpine_image",
      "provider": "provider[\"registry.terraform.io/zededa/zedcloud\"]",
      "instances": [
        {
          "schema_version": 0,
          "attributes": {
            "datastore_id": "1bf8b9a9-10b9-4ee4-b121-d83c0b73557c",
            "description": "",
            "id": "f2771c66-47f9-4794-a1b7-95e793ab4084",
            "image_arch": "ARM64",
            "image_error": "Image uplinked successfully...",
            "image_format": "CONTAINER",
            "image_local": "",
            "image_rel_url": "alpine:latest",
            "image_sha256": "",
            "image_size_bytes": "0",
            "image_status": "IMAGE_STATUS_READY",
            "image_type": "IMAGE_TYPE_APPLICATION",
            "image_version": "",
            "name": "alpine",
            "origin_type": "ORIGIN_LOCAL",
            "project_access_list": [
              "eedf1a46-e2fd-4f47-96e8-a9ff9d40c29e"
            ],
            "revision": [
              {
                "created_at": "2026-01-29T21:14:16.213Z",
                "created_by": "danielr@support.com",
                "curr": "3",
                "prev": "",
                "updated_at": "2026-01-29T21:14:16.380Z",
                "updated_by": "danielr@support.com"
              }
            ],
            "title": "alpine"
          },
          "sensitive_attributes": [],
          "identity_schema_version": 0,
          "private": "bnVsbA==",
          "dependencies": [
            "zedcloud_datastore.test_datastore",
            "zedcloud_project.test_tf_provider"
          ]
        }
      ]
    },
    {
      "mode": "managed",
      "type": "zedcloud_image",
      "name": "silverpeak_cloudinit_azure_ds",
      "provider": "provider[\"registry.terraform.io/zededa/zedcloud\"]",
      "instances": [
        {
          "schema_version": 0,
          "attributes": {
            "datastore_id": "2fad7ed3-676a-4c0f-b10b-ce9df448bd5b",
            "description": "",
            "id": "100a7efc-8fa7-42f8-aab7-b855d5f07f01",
            "image_arch": "AMD64",
            "image_error": "Image uplinked successfully...",
            "image_format": "ISO",
            "image_local": "",
            "image_rel_url": "norfolk-cloudinit.iso",
            "image_sha256": "290b2df3264618f8760fe115fc36b6e480ee9125699d4781867090e25eb65865",
            "image_size_bytes": "1319",
            "image_status": "IMAGE_STATUS_READY",
            "image_type": "IMAGE_TYPE_APPLICATION",
            "image_version": "",
            "name": "norfolk-cloudinit.iso",
            "origin_type": "ORIGIN_LOCAL",
            "project_access_list": [
              "eedf1a46-e2fd-4f47-96e8-a9ff9d40c29e"
            ],
            "revision": [
              {
                "created_at": "2026-01-29T21:14:16.226Z",
                "created_by": "danielr@support.com",
                "curr": "3",
                "prev": "",
                "updated_at": "2026-01-29T21:14:16.388Z",
                "updated_by": "danielr@support.com"
              }
            ],
            "title": "norfolk-cloudinit.iso"
          },
          "sensitive_attributes": [],
          "identity_schema_version": 0,
          "private": "bnVsbA==",
          "dependencies": [
            "zedcloud_datastore.alpha_ds",
            "zedcloud_project.test_tf_provider"
          ]
        }
      ]
    },
    {
      "mode": "managed",
      "type": "zedcloud_model",
      "name": "test_tf_provider",
      "provider": "provider[\"registry.terraform.io/zededa/zedcloud\"]",
      "instances": [
        {
          "schema_version": 0,
          "attributes": {
            "attr": {
              "Cpus": "4",
              "memory": "8G",
              "storage": "100G"
            },
            "brand_id": "72c73966-c360-4085-a2b1-993ab50ff5a4",
            "description": "",
            "id": "6829029b-148f-4c73-9c1e-c868b7ac720b",
            "io_member_list": [
              {
                "assigngrp": "eth0",
                "cbattr": null,
                "cost": 0,
                "logicallabel": "ethernet0",
                "parentassigngrp": "",
                "phyaddrs": {
                  "Ifname": "eth0",
                  "PciLong": "0000:02:00.0"
                },
                "phylabel": "firstEth",
                "usage": "ADAPTER_USAGE_MANAGEMENT",
                "usage_policy": {
                  "FreeUplink": true
                },
                "vfs": [],
                "ztype": "IO_TYPE_ETH"
              }
            ],
            "is_imported": false,
            "logo": null,
            "name": "test_tf_provider-create_edgenode",
            "origin_type": "ORIGIN_LOCAL",
            "p_c_r_templates": [],
            "parent_detail": [
              {
                "id_of_parent_object": "",
                "reference_exists": false,
                "update_available": false,
                "version_of_parent_object": 0
              }
            ],
            "product_status": "",
            "product_url": "",
            "revision": [
              {
                "created_at": "2026-01-29T21:14:16.016Z",
                "created_by": "danielr@support.com",
                "curr": "1",
                "prev": "",
                "updated_at": "2026-01-29T21:14:16.016Z",
                "updated_by": "danielr@support.com"
              }
            ],
            "state": "SYS_MODEL_STATE_ACTIVE",
            "title": "test_tf_provider-create_edgenode",
            "type": "AMD64"
          },
          "sensitive_attributes": [],
          "identity_schema_version": 0,
          "private": "bnVsbA==",
          "dependencies": [
            "zedcloud_brand.test_tf_provider"
          ]
        }
      ]
    },
    {
      "mode": "managed",
      "type": "zedcloud_project",
      "name": "edge_project",
      "provider": "provider[\"registry.terraform.io/zededa/zedcloud\"]",
      "instances": [
        {
          "schema_version": 0,
          "attributes": {
            "app_policy": [],
            "attestation_policy": [
              {
                "app_policy": [],
                "attestation_policy": [
                  {
                    "id": "",
                    "type": "ATTEST_POLICY_TYPE_ACCEPT"
                  }
                ],
                "attr": {},
                "azure_policy": [],
                "cluster_policy": [],
                "configuration_lock_policy": [],
                "description": "",
                "edgeview_policy": [],
                "id": "dfa95412-4249-4c61-86d6-360684d91e40",
                "local_operator_console_policy": [],
                "module_policy": [],
                "name": "Edge-Compute-Project_qKKQjmrCwibpPdU",
                "network_policy": [],
                "revision": [
                  {
                    "created_at": "2026-01-29T21:14:15.819Z",
                    "created_by": "danielr@support.com",
                    "curr": "1",
                    "prev": "",
                    "updated_at": "2026-01-29T21:14:15.819Z",
                    "updated_by": "danielr@support.com"
                  }
                ],
                "status": "POLICY_STATUS_READY",
                "status_message": "Policy configured successfully",
                "title": "",
                "type": "POLICY_TYPE_ATTESTATION"
              }
            ],
            "attr": {},
            "cloud_policy": [],
            "configuration_lock_policy": [],
            "description": "",
            "edgeview_policy": [],
            "id": "d7315881-3ea4-4b8f-86cb-ed162e33581b",
            "local_operator_console_policy": [],
            "module_policy": [],
            "name": "Edge-Compute-Project",
            "network_policy": [],
            "numdevices": 0,
            "revision": [
              {
                "created_at": "2026-01-29T21:14:15.821Z",
                "created_by": "danielr@support.com",
                "curr": "1",
                "prev": "",
                "updated_at": "2026-01-29T21:14:15.821Z",
                "updated_by": "danielr@support.com"
              }
            ],
            "tag_level_settings": [
              {
                "flow_log_transmission": "NETWORK_INSTANCE_FLOW_LOG_TRANSMISSION_UNSPECIFIED",
                "interface_ordering": "INTERFACE_ORDERING_DISABLED"
              }
            ],
            "tags": {
              "environment": "production",
              "owner": "platform-team"
            },
            "title": "Edge-Compute-Project",
            "type": "TAG_TYPE_PROJECT"
          },
          "sensitive_attributes": [],
          "identity_schema_version": 0,
          "private": "bnVsbA=="
        }
      ]
    },
    {
      "mode": "managed",
      "type": "zedcloud_project",
      "name": "test_tf_provider",
      "provider": "provider[\"registry.terraform.io/zededa/zedcloud\"]",
      "instances": [
        {
          "schema_version": 0,
          "attributes": {
            "app_policy": [],
            "attestation_policy": [
              {
                "app_policy": [],
                "attestation_policy": [
                  {
                    "id": "",
                    "type": "ATTEST_POLICY_TYPE_ACCEPT"
                  }
                ],
                "attr": {},
                "azure_policy": [],
                "cluster_policy": [],
                "configuration_lock_policy": [],
                "description": "",
                "edgeview_policy": [],
                "id": "2f2bea3d-3fc1-4357-bcd1-c7efd13d4e4c",
                "local_operator_console_policy": [],
                "module_policy": [],
                "name": "test_tf_provider_dsFJRRHiHDjBbaa",
                "network_policy": [],
                "revision": [
                  {
                    "created_at": "2026-01-29T21:14:15.809Z",
                    "created_by": "danielr@support.com",
                    "curr": "1",
                    "prev": "",
                    "updated_at": "2026-01-29T21:14:15.809Z",
                    "updated_by": "danielr@support.com"
                  }
                ],
                "status": "POLICY_STATUS_READY",
                "status_message": "Policy configured successfully",
                "title": "",
                "type": "POLICY_TYPE_ATTESTATION"
              }
            ],
            "attr": {},
            "cloud_policy": [],
            "configuration_lock_policy": [],
            "description": "",
            "edgeview_policy": [],
            "id": "eedf1a46-e2fd-4f47-96e8-a9ff9d40c29e",
            "local_operator_console_policy": [],
            "module_policy": [],
            "name": "test_tf_provider",
            "network_policy": [],
            "numdevices": 0,
            "revision": [
              {
                "created_at": "2026-01-29T21:14:15.811Z",
                "created_by": "danielr@support.com",
                "curr": "1",
                "prev": "",
                "updated_at": "2026-01-29T21:14:15.811Z",
                "updated_by": "danielr@support.com"
              }
            ],
            "tag_level_settings": [
              {
                "flow_log_transmission": "NETWORK_INSTANCE_FLOW_LOG_TRANSMISSION_DISABLED",
                "interface_ordering": "INTERFACE_ORDERING_DISABLED"
              }
            ],
            "tags": null,
            "title": "title",
            "type": "TAG_TYPE_PROJECT"
          },
          "sensitive_attributes": [],
          "identity_schema_version": 0,
          "private": "bnVsbA=="
        }
      ]
    }
  ],
  "check_results": null
}
